{
    "version": 3,
    "terraform_version": "0.11.5",
    "serial": 3,
    "lineage": "9d217d50-b1ee-d476-2757-0a4bf4189143",
    "modules": [
        {
            "path": [
                "root"
            ],
            "outputs": {},
            "resources": {
                "aws_eip.nat": {
                    "type": "aws_eip",
                    "depends_on": [
                        "aws_instance.nat"
                    ],
                    "primary": {
                        "id": "eipalloc-c90f05e7",
                        "attributes": {
                            "association_id": "eipassoc-36b57eca",
                            "domain": "vpc",
                            "id": "eipalloc-c90f05e7",
                            "instance": "i-02ac873ff84762bf5",
                            "network_interface": "eni-35a26064",
                            "private_ip": "10.0.0.79",
                            "public_ip": "52.14.144.203",
                            "tags.%": "0",
                            "vpc": "true"
                        },
                        "meta": {
                            "e2bfb730-ecaa-11e6-8f88-34363bc7c4c0": {
                                "delete": 180000000000,
                                "read": 900000000000,
                                "update": 300000000000
                            }
                        },
                        "tainted": false
                    },
                    "deposed": [],
                    "provider": "provider.aws"
                },
                "aws_instance.nat": {
                    "type": "aws_instance",
                    "depends_on": [
                        "aws_security_group.nat",
                        "aws_subnet.public"
                    ],
                    "primary": {
                        "id": "i-02ac873ff84762bf5",
                        "attributes": {
                            "ami": "ami-021e3167",
                            "associate_public_ip_address": "true",
                            "availability_zone": "us-east-2a",
                            "disable_api_termination": "false",
                            "ebs_block_device.#": "0",
                            "ebs_optimized": "false",
                            "ephemeral_block_device.#": "0",
                            "get_password_data": "false",
                            "iam_instance_profile": "",
                            "id": "i-02ac873ff84762bf5",
                            "instance_state": "running",
                            "instance_type": "t2.micro",
                            "ipv6_addresses.#": "0",
                            "key_name": "",
                            "monitoring": "false",
                            "network_interface.#": "0",
                            "network_interface_id": "eni-35a26064",
                            "password_data": "",
                            "placement_group": "",
                            "primary_network_interface_id": "eni-35a26064",
                            "private_dns": "ip-10-0-0-79.us-east-2.compute.internal",
                            "private_ip": "10.0.0.79",
                            "public_dns": "",
                            "public_ip": "52.14.144.203",
                            "root_block_device.#": "1",
                            "root_block_device.0.delete_on_termination": "true",
                            "root_block_device.0.iops": "0",
                            "root_block_device.0.volume_id": "vol-053d4a697aa449f00",
                            "root_block_device.0.volume_size": "8",
                            "root_block_device.0.volume_type": "standard",
                            "security_groups.#": "0",
                            "source_dest_check": "false",
                            "subnet_id": "subnet-c79704af",
                            "tags.%": "1",
                            "tags.Name": "VPC NAT",
                            "tenancy": "default",
                            "volume_tags.%": "0",
                            "vpc_security_group_ids.#": "1",
                            "vpc_security_group_ids.282595846": "sg-851234ee"
                        },
                        "meta": {
                            "e2bfb730-ecaa-11e6-8f88-34363bc7c4c0": {
                                "create": 600000000000,
                                "delete": 1200000000000,
                                "update": 600000000000
                            },
                            "schema_version": "1"
                        },
                        "tainted": false
                    },
                    "deposed": [],
                    "provider": "provider.aws"
                },
                "aws_instance.web-1": {
                    "type": "aws_instance",
                    "depends_on": [
                        "aws_security_group.front",
                        "aws_subnet.public"
                    ],
                    "primary": {
                        "id": "i-0c96fad040692723b",
                        "attributes": {
                            "ami": "ami-916f59f4",
                            "associate_public_ip_address": "true",
                            "availability_zone": "us-east-2a",
                            "disable_api_termination": "false",
                            "ebs_block_device.#": "0",
                            "ebs_optimized": "false",
                            "ephemeral_block_device.#": "0",
                            "get_password_data": "false",
                            "iam_instance_profile": "",
                            "id": "i-0c96fad040692723b",
                            "instance_state": "running",
                            "instance_type": "t2.micro",
                            "ipv6_addresses.#": "0",
                            "key_name": "AWS42_key_pair",
                            "monitoring": "false",
                            "network_interface.#": "0",
                            "network_interface_id": "eni-3ea7656f",
                            "password_data": "",
                            "placement_group": "",
                            "primary_network_interface_id": "eni-3ea7656f",
                            "private_dns": "ip-10-0-0-96.us-east-2.compute.internal",
                            "private_ip": "10.0.0.96",
                            "public_dns": "",
                            "public_ip": "18.216.85.203",
                            "root_block_device.#": "1",
                            "root_block_device.0.delete_on_termination": "true",
                            "root_block_device.0.iops": "100",
                            "root_block_device.0.volume_id": "vol-04fc2e5ae0640b745",
                            "root_block_device.0.volume_size": "8",
                            "root_block_device.0.volume_type": "gp2",
                            "security_groups.#": "0",
                            "source_dest_check": "false",
                            "subnet_id": "subnet-c79704af",
                            "tags.%": "1",
                            "tags.Name": "TerraformFrontend",
                            "tenancy": "default",
                            "volume_tags.%": "0",
                            "vpc_security_group_ids.#": "1",
                            "vpc_security_group_ids.2167236145": "sg-c71e38ac"
                        },
                        "meta": {
                            "e2bfb730-ecaa-11e6-8f88-34363bc7c4c0": {
                                "create": 600000000000,
                                "delete": 1200000000000,
                                "update": 600000000000
                            },
                            "schema_version": "1"
                        },
                        "tainted": true
                    },
                    "deposed": [],
                    "provider": "provider.aws"
                },
                "aws_internet_gateway.gw": {
                    "type": "aws_internet_gateway",
                    "depends_on": [
                        "aws_vpc.main"
                    ],
                    "primary": {
                        "id": "igw-95a343fd",
                        "attributes": {
                            "id": "igw-95a343fd",
                            "tags.%": "1",
                            "tags.Name": "AWS42TF",
                            "vpc_id": "vpc-ef66fe87"
                        },
                        "meta": {},
                        "tainted": false
                    },
                    "deposed": [],
                    "provider": "provider.aws"
                },
                "aws_route_table.private": {
                    "type": "aws_route_table",
                    "depends_on": [
                        "aws_instance.nat",
                        "aws_vpc.main"
                    ],
                    "primary": {
                        "id": "rtb-2ceebc44",
                        "attributes": {
                            "id": "rtb-2ceebc44",
                            "propagating_vgws.#": "0",
                            "route.#": "1",
                            "route.3939292265.cidr_block": "0.0.0.0/0",
                            "route.3939292265.egress_only_gateway_id": "",
                            "route.3939292265.gateway_id": "",
                            "route.3939292265.instance_id": "i-02ac873ff84762bf5",
                            "route.3939292265.ipv6_cidr_block": "",
                            "route.3939292265.nat_gateway_id": "",
                            "route.3939292265.network_interface_id": "eni-35a26064",
                            "route.3939292265.vpc_peering_connection_id": "",
                            "tags.%": "1",
                            "tags.Name": "AWS42TF_private",
                            "vpc_id": "vpc-ef66fe87"
                        },
                        "meta": {},
                        "tainted": false
                    },
                    "deposed": [],
                    "provider": "provider.aws"
                },
                "aws_route_table.public": {
                    "type": "aws_route_table",
                    "depends_on": [
                        "aws_internet_gateway.gw",
                        "aws_vpc.main"
                    ],
                    "primary": {
                        "id": "rtb-a4eab8cc",
                        "attributes": {
                            "id": "rtb-a4eab8cc",
                            "propagating_vgws.#": "0",
                            "route.#": "1",
                            "route.2556548071.cidr_block": "0.0.0.0/0",
                            "route.2556548071.egress_only_gateway_id": "",
                            "route.2556548071.gateway_id": "igw-95a343fd",
                            "route.2556548071.instance_id": "",
                            "route.2556548071.ipv6_cidr_block": "",
                            "route.2556548071.nat_gateway_id": "",
                            "route.2556548071.network_interface_id": "",
                            "route.2556548071.vpc_peering_connection_id": "",
                            "tags.%": "1",
                            "tags.Name": "AWS42TF_public",
                            "vpc_id": "vpc-ef66fe87"
                        },
                        "meta": {},
                        "tainted": false
                    },
                    "deposed": [],
                    "provider": "provider.aws"
                },
                "aws_route_table_association.rtap": {
                    "type": "aws_route_table_association",
                    "depends_on": [
                        "aws_route_table.public",
                        "aws_subnet.public"
                    ],
                    "primary": {
                        "id": "rtbassoc-1d973876",
                        "attributes": {
                            "id": "rtbassoc-1d973876",
                            "route_table_id": "rtb-a4eab8cc",
                            "subnet_id": "subnet-c79704af"
                        },
                        "meta": {},
                        "tainted": false
                    },
                    "deposed": [],
                    "provider": "provider.aws"
                },
                "aws_route_table_association.rtapr": {
                    "type": "aws_route_table_association",
                    "depends_on": [
                        "aws_route_table.private",
                        "aws_subnet.private"
                    ],
                    "primary": {
                        "id": "rtbassoc-bc9a35d7",
                        "attributes": {
                            "id": "rtbassoc-bc9a35d7",
                            "route_table_id": "rtb-2ceebc44",
                            "subnet_id": "subnet-1490037c"
                        },
                        "meta": {},
                        "tainted": false
                    },
                    "deposed": [],
                    "provider": "provider.aws"
                },
                "aws_security_group.elb": {
                    "type": "aws_security_group",
                    "depends_on": [
                        "aws_vpc.main"
                    ],
                    "primary": {
                        "id": "sg-9f1137f4",
                        "attributes": {
                            "arn": "arn:aws:ec2:us-east-2:235960612000:security-group/sg-9f1137f4",
                            "description": "Managed by Terraform",
                            "egress.#": "1",
                            "egress.482069346.cidr_blocks.#": "1",
                            "egress.482069346.cidr_blocks.0": "0.0.0.0/0",
                            "egress.482069346.description": "",
                            "egress.482069346.from_port": "0",
                            "egress.482069346.ipv6_cidr_blocks.#": "0",
                            "egress.482069346.prefix_list_ids.#": "0",
                            "egress.482069346.protocol": "-1",
                            "egress.482069346.security_groups.#": "0",
                            "egress.482069346.self": "false",
                            "egress.482069346.to_port": "0",
                            "id": "sg-9f1137f4",
                            "ingress.#": "1",
                            "ingress.2214680975.cidr_blocks.#": "1",
                            "ingress.2214680975.cidr_blocks.0": "0.0.0.0/0",
                            "ingress.2214680975.description": "",
                            "ingress.2214680975.from_port": "80",
                            "ingress.2214680975.ipv6_cidr_blocks.#": "0",
                            "ingress.2214680975.protocol": "tcp",
                            "ingress.2214680975.security_groups.#": "0",
                            "ingress.2214680975.self": "false",
                            "ingress.2214680975.to_port": "80",
                            "name": "AWS42TF-elb",
                            "owner_id": "235960612000",
                            "revoke_rules_on_delete": "false",
                            "tags.%": "0",
                            "vpc_id": "vpc-ef66fe87"
                        },
                        "meta": {
                            "e2bfb730-ecaa-11e6-8f88-34363bc7c4c0": {
                                "create": 600000000000,
                                "delete": 600000000000
                            },
                            "schema_version": "1"
                        },
                        "tainted": false
                    },
                    "deposed": [],
                    "provider": "provider.aws"
                },
                "aws_security_group.front": {
                    "type": "aws_security_group",
                    "depends_on": [
                        "aws_vpc.main"
                    ],
                    "primary": {
                        "id": "sg-c71e38ac",
                        "attributes": {
                            "arn": "arn:aws:ec2:us-east-2:235960612000:security-group/sg-c71e38ac",
                            "description": "Managed by Terraform",
                            "egress.#": "1",
                            "egress.482069346.cidr_blocks.#": "1",
                            "egress.482069346.cidr_blocks.0": "0.0.0.0/0",
                            "egress.482069346.description": "",
                            "egress.482069346.from_port": "0",
                            "egress.482069346.ipv6_cidr_blocks.#": "0",
                            "egress.482069346.prefix_list_ids.#": "0",
                            "egress.482069346.protocol": "-1",
                            "egress.482069346.security_groups.#": "0",
                            "egress.482069346.self": "false",
                            "egress.482069346.to_port": "0",
                            "id": "sg-c71e38ac",
                            "ingress.#": "3",
                            "ingress.2214680975.cidr_blocks.#": "1",
                            "ingress.2214680975.cidr_blocks.0": "0.0.0.0/0",
                            "ingress.2214680975.description": "",
                            "ingress.2214680975.from_port": "80",
                            "ingress.2214680975.ipv6_cidr_blocks.#": "0",
                            "ingress.2214680975.protocol": "tcp",
                            "ingress.2214680975.security_groups.#": "0",
                            "ingress.2214680975.self": "false",
                            "ingress.2214680975.to_port": "80",
                            "ingress.2541437006.cidr_blocks.#": "1",
                            "ingress.2541437006.cidr_blocks.0": "0.0.0.0/0",
                            "ingress.2541437006.description": "",
                            "ingress.2541437006.from_port": "22",
                            "ingress.2541437006.ipv6_cidr_blocks.#": "0",
                            "ingress.2541437006.protocol": "tcp",
                            "ingress.2541437006.security_groups.#": "0",
                            "ingress.2541437006.self": "false",
                            "ingress.2541437006.to_port": "22",
                            "ingress.516175195.cidr_blocks.#": "1",
                            "ingress.516175195.cidr_blocks.0": "0.0.0.0/0",
                            "ingress.516175195.description": "",
                            "ingress.516175195.from_port": "8080",
                            "ingress.516175195.ipv6_cidr_blocks.#": "0",
                            "ingress.516175195.protocol": "tcp",
                            "ingress.516175195.security_groups.#": "0",
                            "ingress.516175195.self": "false",
                            "ingress.516175195.to_port": "8080",
                            "name": "AWS42TF-front",
                            "owner_id": "235960612000",
                            "revoke_rules_on_delete": "false",
                            "tags.%": "0",
                            "vpc_id": "vpc-ef66fe87"
                        },
                        "meta": {
                            "e2bfb730-ecaa-11e6-8f88-34363bc7c4c0": {
                                "create": 600000000000,
                                "delete": 600000000000
                            },
                            "schema_version": "1"
                        },
                        "tainted": false
                    },
                    "deposed": [],
                    "provider": "provider.aws"
                },
                "aws_security_group.mysql": {
                    "type": "aws_security_group",
                    "depends_on": [
                        "aws_security_group.front",
                        "aws_vpc.main"
                    ],
                    "primary": {
                        "id": "sg-841234ef",
                        "attributes": {
                            "arn": "arn:aws:ec2:us-east-2:235960612000:security-group/sg-841234ef",
                            "description": "mysql communication",
                            "egress.#": "1",
                            "egress.482069346.cidr_blocks.#": "1",
                            "egress.482069346.cidr_blocks.0": "0.0.0.0/0",
                            "egress.482069346.description": "",
                            "egress.482069346.from_port": "0",
                            "egress.482069346.ipv6_cidr_blocks.#": "0",
                            "egress.482069346.prefix_list_ids.#": "0",
                            "egress.482069346.protocol": "-1",
                            "egress.482069346.security_groups.#": "0",
                            "egress.482069346.self": "false",
                            "egress.482069346.to_port": "0",
                            "id": "sg-841234ef",
                            "ingress.#": "1",
                            "ingress.53002768.cidr_blocks.#": "0",
                            "ingress.53002768.description": "",
                            "ingress.53002768.from_port": "3306",
                            "ingress.53002768.ipv6_cidr_blocks.#": "0",
                            "ingress.53002768.protocol": "tcp",
                            "ingress.53002768.security_groups.#": "1",
                            "ingress.53002768.security_groups.2167236145": "sg-c71e38ac",
                            "ingress.53002768.self": "false",
                            "ingress.53002768.to_port": "3306",
                            "name": "AWS42TF-mysql",
                            "owner_id": "235960612000",
                            "revoke_rules_on_delete": "false",
                            "tags.%": "0",
                            "vpc_id": "vpc-ef66fe87"
                        },
                        "meta": {
                            "e2bfb730-ecaa-11e6-8f88-34363bc7c4c0": {
                                "create": 600000000000,
                                "delete": 600000000000
                            },
                            "schema_version": "1"
                        },
                        "tainted": false
                    },
                    "deposed": [],
                    "provider": "provider.aws"
                },
                "aws_security_group.nat": {
                    "type": "aws_security_group",
                    "depends_on": [
                        "aws_vpc.main"
                    ],
                    "primary": {
                        "id": "sg-851234ee",
                        "attributes": {
                            "arn": "arn:aws:ec2:us-east-2:235960612000:security-group/sg-851234ee",
                            "description": "Allow traffic to pass from the private subnet to the internet",
                            "egress.#": "4",
                            "egress.1799340084.cidr_blocks.#": "1",
                            "egress.1799340084.cidr_blocks.0": "0.0.0.0/0",
                            "egress.1799340084.description": "",
                            "egress.1799340084.from_port": "-1",
                            "egress.1799340084.ipv6_cidr_blocks.#": "0",
                            "egress.1799340084.prefix_list_ids.#": "0",
                            "egress.1799340084.protocol": "icmp",
                            "egress.1799340084.security_groups.#": "0",
                            "egress.1799340084.self": "false",
                            "egress.1799340084.to_port": "-1",
                            "egress.2214680975.cidr_blocks.#": "1",
                            "egress.2214680975.cidr_blocks.0": "0.0.0.0/0",
                            "egress.2214680975.description": "",
                            "egress.2214680975.from_port": "80",
                            "egress.2214680975.ipv6_cidr_blocks.#": "0",
                            "egress.2214680975.prefix_list_ids.#": "0",
                            "egress.2214680975.protocol": "tcp",
                            "egress.2214680975.security_groups.#": "0",
                            "egress.2214680975.self": "false",
                            "egress.2214680975.to_port": "80",
                            "egress.2617001939.cidr_blocks.#": "1",
                            "egress.2617001939.cidr_blocks.0": "0.0.0.0/0",
                            "egress.2617001939.description": "",
                            "egress.2617001939.from_port": "443",
                            "egress.2617001939.ipv6_cidr_blocks.#": "0",
                            "egress.2617001939.prefix_list_ids.#": "0",
                            "egress.2617001939.protocol": "tcp",
                            "egress.2617001939.security_groups.#": "0",
                            "egress.2617001939.self": "false",
                            "egress.2617001939.to_port": "443",
                            "egress.931551850.cidr_blocks.#": "1",
                            "egress.931551850.cidr_blocks.0": "10.0.0.0/16",
                            "egress.931551850.description": "",
                            "egress.931551850.from_port": "22",
                            "egress.931551850.ipv6_cidr_blocks.#": "0",
                            "egress.931551850.prefix_list_ids.#": "0",
                            "egress.931551850.protocol": "tcp",
                            "egress.931551850.security_groups.#": "0",
                            "egress.931551850.self": "false",
                            "egress.931551850.to_port": "22",
                            "id": "sg-851234ee",
                            "ingress.#": "4",
                            "ingress.1799340084.cidr_blocks.#": "1",
                            "ingress.1799340084.cidr_blocks.0": "0.0.0.0/0",
                            "ingress.1799340084.description": "",
                            "ingress.1799340084.from_port": "-1",
                            "ingress.1799340084.ipv6_cidr_blocks.#": "0",
                            "ingress.1799340084.protocol": "icmp",
                            "ingress.1799340084.security_groups.#": "0",
                            "ingress.1799340084.self": "false",
                            "ingress.1799340084.to_port": "-1",
                            "ingress.2541437006.cidr_blocks.#": "1",
                            "ingress.2541437006.cidr_blocks.0": "0.0.0.0/0",
                            "ingress.2541437006.description": "",
                            "ingress.2541437006.from_port": "22",
                            "ingress.2541437006.ipv6_cidr_blocks.#": "0",
                            "ingress.2541437006.protocol": "tcp",
                            "ingress.2541437006.security_groups.#": "0",
                            "ingress.2541437006.self": "false",
                            "ingress.2541437006.to_port": "22",
                            "ingress.386650288.cidr_blocks.#": "1",
                            "ingress.386650288.cidr_blocks.0": "10.0.1.0/24",
                            "ingress.386650288.description": "",
                            "ingress.386650288.from_port": "80",
                            "ingress.386650288.ipv6_cidr_blocks.#": "0",
                            "ingress.386650288.protocol": "tcp",
                            "ingress.386650288.security_groups.#": "0",
                            "ingress.386650288.self": "false",
                            "ingress.386650288.to_port": "80",
                            "ingress.4211794038.cidr_blocks.#": "1",
                            "ingress.4211794038.cidr_blocks.0": "10.0.1.0/24",
                            "ingress.4211794038.description": "",
                            "ingress.4211794038.from_port": "443",
                            "ingress.4211794038.ipv6_cidr_blocks.#": "0",
                            "ingress.4211794038.protocol": "tcp",
                            "ingress.4211794038.security_groups.#": "0",
                            "ingress.4211794038.self": "false",
                            "ingress.4211794038.to_port": "443",
                            "name": "vpc_nat",
                            "owner_id": "235960612000",
                            "revoke_rules_on_delete": "false",
                            "tags.%": "1",
                            "tags.Name": "NATSG",
                            "vpc_id": "vpc-ef66fe87"
                        },
                        "meta": {
                            "e2bfb730-ecaa-11e6-8f88-34363bc7c4c0": {
                                "create": 600000000000,
                                "delete": 600000000000
                            },
                            "schema_version": "1"
                        },
                        "tainted": false
                    },
                    "deposed": [],
                    "provider": "provider.aws"
                },
                "aws_subnet.private": {
                    "type": "aws_subnet",
                    "depends_on": [
                        "aws_vpc.main"
                    ],
                    "primary": {
                        "id": "subnet-1490037c",
                        "attributes": {
                            "assign_ipv6_address_on_creation": "false",
                            "availability_zone": "us-east-2a",
                            "cidr_block": "10.0.1.0/24",
                            "id": "subnet-1490037c",
                            "map_public_ip_on_launch": "false",
                            "tags.%": "1",
                            "tags.Name": "AWS42TF_private",
                            "vpc_id": "vpc-ef66fe87"
                        },
                        "meta": {
                            "schema_version": "1"
                        },
                        "tainted": false
                    },
                    "deposed": [],
                    "provider": "provider.aws"
                },
                "aws_subnet.public": {
                    "type": "aws_subnet",
                    "depends_on": [
                        "aws_vpc.main"
                    ],
                    "primary": {
                        "id": "subnet-c79704af",
                        "attributes": {
                            "assign_ipv6_address_on_creation": "false",
                            "availability_zone": "us-east-2a",
                            "cidr_block": "10.0.0.0/24",
                            "id": "subnet-c79704af",
                            "map_public_ip_on_launch": "true",
                            "tags.%": "1",
                            "tags.Name": "AWS42TF_public",
                            "vpc_id": "vpc-ef66fe87"
                        },
                        "meta": {
                            "schema_version": "1"
                        },
                        "tainted": false
                    },
                    "deposed": [],
                    "provider": "provider.aws"
                },
                "aws_vpc.main": {
                    "type": "aws_vpc",
                    "depends_on": [],
                    "primary": {
                        "id": "vpc-ef66fe87",
                        "attributes": {
                            "assign_generated_ipv6_cidr_block": "false",
                            "cidr_block": "10.0.0.0/16",
                            "default_network_acl_id": "acl-5aaed632",
                            "default_route_table_id": "rtb-17e9bb7f",
                            "default_security_group_id": "sg-921432f9",
                            "dhcp_options_id": "dopt-5266a53b",
                            "enable_dns_hostnames": "false",
                            "enable_dns_support": "true",
                            "id": "vpc-ef66fe87",
                            "instance_tenancy": "default",
                            "main_route_table_id": "rtb-17e9bb7f",
                            "tags.%": "1",
                            "tags.Name": "AWS42TF"
                        },
                        "meta": {
                            "schema_version": "1"
                        },
                        "tainted": false
                    },
                    "deposed": [],
                    "provider": "provider.aws"
                }
            },
            "depends_on": []
        }
    ]
}
